
Microsoft Visual Studio Solution File, Format Version 12.00
# Visual Studio Express 2013 for Windows Desktop
VisualStudioVersion = 12.0.31101.0
MinimumVisualStudioVersion = 10.0.40219.1
Project("{FAE04EC0-301F-11D3-BF4B-00C04F79EFBC}") = "Vocalyz", "Vocalyz\Vocalyz.csproj", "{58972F38-925A-4EB8-B716-872EC1A6AD93}"
EndProject
Project("{FAE04EC0-301F-11D3-BF4B-00C04F79EFBC}") = "Test", "Test\Test.csproj", "{8B8CDEFA-CAD1-4940-9E5A-1A84792FFB28}"
EndProject
Project("{FAE04EC0-301F-11D3-BF4B-00C04F79EFBC}") = "ConsoleApplication1", "ConsoleApplication1\ConsoleApplication1.csproj", "{5B8535C7-C44C-4DFA-9563-BEADD6C1E1D3}"
EndProject
Global
	GlobalSection(SolutionConfigurationPlatforms) = preSolution
		Debug|Any CPU = Debug|Any CPU
		Release|Any CPU = Release|Any CPU
	EndGlobalSection
	GlobalSection(ProjectConfigurationPlatforms) = postSolution
		{58972F38-925A-4EB8-B716-872EC1A6AD93}.Debug|Any CPU.ActiveCfg = Debug|Any CPU
		{58972F38-925A-4EB8-B716-872EC1A6AD93}.Debug|Any CPU.Build.0 = Debug|Any CPU
		{58972F38-925A-4EB8-B716-872EC1A6AD93}.Release|Any CPU.ActiveCfg = Release|Any CPU
		{58972F38-925A-4EB8-B716-872EC1A6AD93}.Release|Any CPU.Build.0 = Release|Any CPU
		{8B8CDEFA-CAD1-4940-9E5A-1A84792FFB28}.Debug|Any CPU.ActiveCfg = Debug|Any CPU
		{8B8CDEFA-CAD1-4940-9E5A-1A84792FFB28}.Debug|Any CPU.Build.0 = Debug|Any CPU
		{8B8CDEFA-CAD1-4940-9E5A-1A84792FFB28}.Release|Any CPU.ActiveCfg = Release|Any CPU
		{8B8CDEFA-CAD1-4940-9E5A-1A84792FFB28}.Release|Any CPU.Build.0 = Release|Any CPU
		{5B8535C7-C44C-4DFA-9563-BEADD6C1E1D3}.Debug|Any CPU.ActiveCfg = Debug|Any CPU
		{5B8535C7-C44C-4DFA-9563-BEADD6C1E1D3}.Debug|Any CPU.Build.0 = Debug|Any CPU
		{5B8535C7-C44C-4DFA-9563-BEADD6C1E1D3}.Release|Any CPU.ActiveCfg = Release|Any CPU
		{5B8535C7-C44C-4DFA-9563-BEADD6C1E1D3}.Release|Any CPU.Build.0 = Release|Any CPU
	EndGlobalSection
	GlobalSection(SolutionProperties) = preSolution
		HideSolutionNode = FALSE
	EndGlobalSection
EndGlobal
